
Microsoft Visual Studio Solution File, Format Version 12.00
# Visual Studio Version 16
VisualStudioVersion = 16.0.31424.327
MinimumVisualStudioVersion = 10.0.40219.1
Project("{FAE04EC0-301F-11D3-BF4B-00C04F79EFBC}") = "AD_Laba2_Btree", "AD_Laba2_Btree\AD_Laba2_Btree.csproj", "{DD953726-FAA1-4164-AEF4-E76683503FE5}"
EndProject
Global
	GlobalSection(SolutionConfigurationPlatforms) = preSolution
		Debug|Any CPU = Debug|Any CPU
		Release|Any CPU = Release|Any CPU
	EndGlobalSection
	GlobalSection(ProjectConfigurationPlatforms) = postSolution
		{DD953726-FAA1-4164-AEF4-E76683503FE5}.Debug|Any CPU.ActiveCfg = Debug|Any CPU
		{DD953726-FAA1-4164-AEF4-E76683503FE5}.Debug|Any CPU.Build.0 = Debug|Any CPU
		{DD953726-FAA1-4164-AEF4-E76683503FE5}.Release|Any CPU.ActiveCfg = Release|Any CPU
		{DD953726-FAA1-4164-AEF4-E76683503FE5}.Release|Any CPU.Build.0 = Release|Any CPU
	EndGlobalSection
	GlobalSection(SolutionProperties) = preSolution
		HideSolutionNode = FALSE
	EndGlobalSection
	GlobalSection(ExtensibilityGlobals) = postSolution
		SolutionGuid = {627EC10A-7A24-478C-8624-96B41158213A}
	EndGlobalSection
EndGlobal
