
Microsoft Visual Studio Solution File, Format Version 12.00
# Visual Studio Version 16
VisualStudioVersion = 16.0.31424.327
MinimumVisualStudioVersion = 10.0.40219.1
Project("{FAE04EC0-301F-11D3-BF4B-00C04F79EFBC}") = "AD_Laba1_part1", "AD_Laba1_part1\AD_Laba1_part1.csproj", "{B0B6E121-E711-44BA-B1C3-93C0D51C5A95}"
EndProject
Global
	GlobalSection(SolutionConfigurationPlatforms) = preSolution
		Debug|Any CPU = Debug|Any CPU
		Release|Any CPU = Release|Any CPU
	EndGlobalSection
	GlobalSection(ProjectConfigurationPlatforms) = postSolution
		{B0B6E121-E711-44BA-B1C3-93C0D51C5A95}.Debug|Any CPU.ActiveCfg = Debug|Any CPU
		{B0B6E121-E711-44BA-B1C3-93C0D51C5A95}.Debug|Any CPU.Build.0 = Debug|Any CPU
		{B0B6E121-E711-44BA-B1C3-93C0D51C5A95}.Release|Any CPU.ActiveCfg = Release|Any CPU
		{B0B6E121-E711-44BA-B1C3-93C0D51C5A95}.Release|Any CPU.Build.0 = Release|Any CPU
	EndGlobalSection
	GlobalSection(SolutionProperties) = preSolution
		HideSolutionNode = FALSE
	EndGlobalSection
	GlobalSection(ExtensibilityGlobals) = postSolution
		SolutionGuid = {D99F85F8-9DCD-4222-BF05-857C9D37F8F3}
	EndGlobalSection
EndGlobal
